
Microsoft Visual Studio Solution File, Format Version 12.00
# Visual Studio Version 17
VisualStudioVersion = 17.9.34728.123
MinimumVisualStudioVersion = 10.0.40219.1
Project("{FAE04EC0-301F-11D3-BF4B-00C04F79EFBC}") = "ChatService.Server", "ChatService.Server\ChatService.Server.csproj", "{6BDF1E19-31EC-407F-8796-39C77B5C6C75}"
EndProject
Project("{54A90642-561A-4BB1-A94E-469ADEE60C69}") = "chatservice.client", "chatservice.client\chatservice.client.esproj", "{87609C8C-8AE2-43B0-B8E9-F3FE7CF1386C}"
EndProject
Global
	GlobalSection(SolutionConfigurationPlatforms) = preSolution
		Debug|Any CPU = Debug|Any CPU
		Release|Any CPU = Release|Any CPU
	EndGlobalSection
	GlobalSection(ProjectConfigurationPlatforms) = postSolution
		{6BDF1E19-31EC-407F-8796-39C77B5C6C75}.Debug|Any CPU.ActiveCfg = Debug|Any CPU
		{6BDF1E19-31EC-407F-8796-39C77B5C6C75}.Debug|Any CPU.Build.0 = Debug|Any CPU
		{6BDF1E19-31EC-407F-8796-39C77B5C6C75}.Release|Any CPU.ActiveCfg = Release|Any CPU
		{6BDF1E19-31EC-407F-8796-39C77B5C6C75}.Release|Any CPU.Build.0 = Release|Any CPU
		{87609C8C-8AE2-43B0-B8E9-F3FE7CF1386C}.Debug|Any CPU.ActiveCfg = Debug|Any CPU
		{87609C8C-8AE2-43B0-B8E9-F3FE7CF1386C}.Debug|Any CPU.Build.0 = Debug|Any CPU
		{87609C8C-8AE2-43B0-B8E9-F3FE7CF1386C}.Debug|Any CPU.Deploy.0 = Debug|Any CPU
		{87609C8C-8AE2-43B0-B8E9-F3FE7CF1386C}.Release|Any CPU.ActiveCfg = Release|Any CPU
		{87609C8C-8AE2-43B0-B8E9-F3FE7CF1386C}.Release|Any CPU.Build.0 = Release|Any CPU
		{87609C8C-8AE2-43B0-B8E9-F3FE7CF1386C}.Release|Any CPU.Deploy.0 = Release|Any CPU
	EndGlobalSection
	GlobalSection(SolutionProperties) = preSolution
		HideSolutionNode = FALSE
	EndGlobalSection
	GlobalSection(ExtensibilityGlobals) = postSolution
		SolutionGuid = {C0F09E6C-2FCE-4628-9D71-F6BC8A0D5176}
	EndGlobalSection
EndGlobal
